{
  "name": "vellum-markdown-editor",
  "version": "0.2.0",
  "lockfileVersion": 3,
  "requires": true,
  "packages": {
    "": {
      "name": "vellum-markdown-editor",
      "version": "0.2.0",
      "license": "MIT",
      "dependencies": {
        "@ismail-elkorchi/terminal-ui": "git+https://github.com/Ismail-elkorchi/terminal-ui.git#d4edd976c4edf8a5552aaafa3cc2a003dde04929",
        "markspan": "git+https://github.com/Ismail-elkorchi/markspan.git#9a453ba000c69f19c6eb85bf0b8762e7263a44a1"
      },
      "bin": {
        "vellum": "dist/cli.js"
      },
      "devDependencies": {
        "@types/node": "^24.13.3",
        "typescript": "^6.0.0"
      },
      "engines": {
        "node": ">=24"
      }
    },
    "node_modules/@ismail-elkorchi/terminal-ui": {
      "version": "0.1.4",
      "resolved": "git+ssh://git@github.com/Ismail-elkorchi/terminal-ui.git#d4edd976c4edf8a5552aaafa3cc2a003dde04929",
      "integrity": "sha512-z1cLBkibZ/L9KLYULOAWE2e7/c8PfUCMA6aTIUxMJqIUqeXLS3s3pe97xjpaRFGrbb71CWcYeqyQmUMnEYu8kQ==",
      "license": "MIT",
      "engines": {
        "node": ">=24"
      }
    },
    "node_modules/@types/node": {
      "version": "24.13.3",
      "resolved": "https://registry.npmjs.org/@types/node/-/node-24.13.3.tgz",
      "integrity": "sha512-Dh8vAsV36ig5wa9OX4pXvMc9D3Veibfw2wix0CUwYODLD8nkj9UsLjASr49nPg+2eKzxhBV+v7L8pXvT4e639Q==",
      "dev": true,
      "license": "MIT",
      "dependencies": {
        "undici-types": "~7.18.0"
      }
    },
    "node_modules/markspan": {
      "version": "0.2.0",
      "resolved": "git+ssh://git@github.com/Ismail-elkorchi/markspan.git#9a453ba000c69f19c6eb85bf0b8762e7263a44a1",
      "integrity": "sha512-+B+Lw3OC/b48oK4c9VgFUw3begR8WvyWBDsJu66twT0WWxR50rtvPtnyqoooobsdqrPY8OPZ83aceiz0Iff+yw==",
      "license": "MIT",
      "engines": {
        "node": ">=22.0.0",
        "npm": ">=11.0.0"
      }
    },
    "node_modules/typescript": {
      "version": "6.0.3",
      "resolved": "https://registry.npmjs.org/typescript/-/typescript-6.0.3.tgz",
      "integrity": "sha512-y2TvuxSZPDyQakkFRPZHKFm+KKVqIisdg9/CZwm9ftvKXLP8NRWj38/ODjNbr43SsoXqNuAisEf1GdCxqWcdBw==",
      "dev": true,
      "license": "Apache-2.0",
      "bin": {
        "tsc": "bin/tsc",
        "tsserver": "bin/tsserver"
      },
      "engines": {
        "node": ">=14.17"
      }
    },
    "node_modules/undici-types": {
      "version": "7.18.2",
      "resolved": "https://registry.npmjs.org/undici-types/-/undici-types-7.18.2.tgz",
      "integrity": "sha512-AsuCzffGHJybSaRrmr5eHr81mwJU3kjw6M+uprWvCXiNeN9SOGwQ3Jn8jb8m3Z6izVgknn1R0FTCEAP2QrLY/w==",
      "dev": true,
      "license": "MIT"
    }
  }
}
