{
  "name": "vellum-markdown-editor",
  "version": "0.2.0",
  "lockfileVersion": 3,
  "requires": true,
  "packages": {
    "": {
      "name": "vellum-markdown-editor",
      "version": "0.2.0",
      "license": "MIT",
      "dependencies": {
        "@ismail-elkorchi/terminal-ui": "git+https://github.com/Ismail-elkorchi/terminal-ui.git#d83d01432056470d17f42793bb83f6d7c93e595d",
        "markspan": "git+https://github.com/Ismail-elkorchi/markspan.git#c883b9a518cf96b967eadba31c3f2d08db1f5946"
      },
      "bin": {
        "vellum": "dist/cli.js"
      },
      "devDependencies": {
        "@types/node": "24.13.3",
        "typescript": "6.0.3"
      },
      "engines": {
        "node": ">=24"
      }
    },
    "node_modules/@ismail-elkorchi/terminal-ui": {
      "version": "0.1.4",
      "resolved": "git+ssh://git@github.com/Ismail-elkorchi/terminal-ui.git#d83d01432056470d17f42793bb83f6d7c93e595d",
      "integrity": "sha512-ogtv6TeTUbLdB1pieZfRl8vwXF22AhT9+Lf1XDGMXcd+ysIgxZ26xAk2AqcCwH7j5c865g8s0UyVAbjwultKQQ==",
      "license": "MIT",
      "engines": {
        "node": ">=24"
      }
    },
    "node_modules/@types/node": {
      "version": "24.13.3",
      "resolved": "https://registry.npmjs.org/@types/node/-/node-24.13.3.tgz",
      "integrity": "sha512-Dh8vAsV36ig5wa9OX4pXvMc9D3Veibfw2wix0CUwYODLD8nkj9UsLjASr49nPg+2eKzxhBV+v7L8pXvT4e639Q==",
      "dev": true,
      "license": "MIT",
      "dependencies": {
        "undici-types": "~7.18.0"
      }
    },
    "node_modules/markspan": {
      "version": "0.2.0",
      "resolved": "git+ssh://git@github.com/Ismail-elkorchi/markspan.git#c883b9a518cf96b967eadba31c3f2d08db1f5946",
      "integrity": "sha512-Hjhgbs1ibxYcn8hAH/94B0FISUHAD0Lw8eLSJnCY+Rbp9/QjvydWKKm54FWaqUFv/oas9JWC7C49OwZu/UUtiQ==",
      "license": "MIT",
      "engines": {
        "node": ">=22.0.0",
        "npm": ">=11.0.0"
      }
    },
    "node_modules/typescript": {
      "version": "6.0.3",
      "resolved": "https://registry.npmjs.org/typescript/-/typescript-6.0.3.tgz",
      "integrity": "sha512-y2TvuxSZPDyQakkFRPZHKFm+KKVqIisdg9/CZwm9ftvKXLP8NRWj38/ODjNbr43SsoXqNuAisEf1GdCxqWcdBw==",
      "dev": true,
      "license": "Apache-2.0",
      "bin": {
        "tsc": "bin/tsc",
        "tsserver": "bin/tsserver"
      },
      "engines": {
        "node": ">=14.17"
      }
    },
    "node_modules/undici-types": {
      "version": "7.18.2",
      "resolved": "https://registry.npmjs.org/undici-types/-/undici-types-7.18.2.tgz",
      "integrity": "sha512-AsuCzffGHJybSaRrmr5eHr81mwJU3kjw6M+uprWvCXiNeN9SOGwQ3Jn8jb8m3Z6izVgknn1R0FTCEAP2QrLY/w==",
      "dev": true,
      "license": "MIT"
    }
  }
}
